
Microsoft Visual Studio Solution File, Format Version 12.00
# Visual Studio Version 16
VisualStudioVersion = 16.0.30406.217
MinimumVisualStudioVersion = 10.0.40219.1
Project("{FAE04EC0-301F-11D3-BF4B-00C04F79EFBC}") = "CatalogoMusical", "CatalogoMusical\CatalogoMusical.csproj", "{F5C6B38F-A4D4-40D3-92D9-7FD543AD52FF}"
EndProject
Global
	GlobalSection(SolutionConfigurationPlatforms) = preSolution
		Debug|Any CPU = Debug|Any CPU
		Release|Any CPU = Release|Any CPU
	EndGlobalSection
	GlobalSection(ProjectConfigurationPlatforms) = postSolution
		{F5C6B38F-A4D4-40D3-92D9-7FD543AD52FF}.Debug|Any CPU.ActiveCfg = Debug|Any CPU
		{F5C6B38F-A4D4-40D3-92D9-7FD543AD52FF}.Debug|Any CPU.Build.0 = Debug|Any CPU
		{F5C6B38F-A4D4-40D3-92D9-7FD543AD52FF}.Release|Any CPU.ActiveCfg = Release|Any CPU
		{F5C6B38F-A4D4-40D3-92D9-7FD543AD52FF}.Release|Any CPU.Build.0 = Release|Any CPU
	EndGlobalSection
	GlobalSection(SolutionProperties) = preSolution
		HideSolutionNode = FALSE
	EndGlobalSection
	GlobalSection(ExtensibilityGlobals) = postSolution
		SolutionGuid = {C08DBCE2-3F17-427D-8BDE-A2D7D6CFFAF3}
	EndGlobalSection
EndGlobal
